
Microsoft Visual Studio Solution File, Format Version 12.00
# Visual Studio Version 16
VisualStudioVersion = 16.0.29728.190
MinimumVisualStudioVersion = 10.0.40219.1
Project("{FAE04EC0-301F-11D3-BF4B-00C04F79EFBC}") = "Quan Ly Thu Vien", "Quan Ly Thu Vien\Quan Ly Thu Vien.csproj", "{19AB5C04-AB1C-4B80-9D72-1CE381F04CE9}"
EndProject
Global
	GlobalSection(SolutionConfigurationPlatforms) = preSolution
		Debug|Any CPU = Debug|Any CPU
		Release|Any CPU = Release|Any CPU
	EndGlobalSection
	GlobalSection(ProjectConfigurationPlatforms) = postSolution
		{19AB5C04-AB1C-4B80-9D72-1CE381F04CE9}.Debug|Any CPU.ActiveCfg = Debug|Any CPU
		{19AB5C04-AB1C-4B80-9D72-1CE381F04CE9}.Debug|Any CPU.Build.0 = Debug|Any CPU
		{19AB5C04-AB1C-4B80-9D72-1CE381F04CE9}.Release|Any CPU.ActiveCfg = Release|Any CPU
		{19AB5C04-AB1C-4B80-9D72-1CE381F04CE9}.Release|Any CPU.Build.0 = Release|Any CPU
	EndGlobalSection
	GlobalSection(SolutionProperties) = preSolution
		HideSolutionNode = FALSE
	EndGlobalSection
	GlobalSection(ExtensibilityGlobals) = postSolution
		SolutionGuid = {74CB9A9D-0B58-41DA-81DF-7D6F5D5332CF}
	EndGlobalSection
EndGlobal
